# This file is autogenerated, do not edit; changes may be undone by the next 'dep ensure'.


[[projects]]
  branch = "master"
  name = "github.com/jlaffaye/ftp"
  packages = ["."]
  revision = "6a014d5e22e6a0b7c1fcb65f59872e4dd1227111"

[[projects]]
  name = "github.com/konsorten/go-windows-terminal-sequences"
  packages = ["."]
  revision = "f55edac94c9bbba5d6182a4be46d86a2c9b5b50e"
  version = "v1.0.2"

[[projects]]
  name = "github.com/mattn/go-colorable"
  packages = ["."]
  revision = "3a70a971f94a22f2fa562ffcc7a0eb45f5daf045"
  version = "v0.1.1"

[[projects]]
  name = "github.com/mattn/go-isatty"
  packages = ["."]
  revision = "c2a7a6ca930a4cd0bc33a3f298eb71960732a3a7"
  version = "v0.0.7"

[[projects]]
  branch = "master"
  name = "github.com/molotovtv/go-astilog"
  packages = ["."]
  revision = "0f547a0a27d9148d52a76b9a195bcd05d4b183e9"

[[projects]]
  branch = "master"
  name = "github.com/molotovtv/go-astitools"
  packages = [
    "context",
    "flag",
    "io"
  ]
  revision = "a25287bc89deade59753090321f9c705f60b6756"

[[projects]]
  name = "github.com/pkg/errors"
  packages = ["."]
  revision = "ba968bfe8b2f7e042a574c888954fccecfa385b4"
  version = "v0.8.1"

[[projects]]
  name = "github.com/sirupsen/logrus"
  packages = ["."]
  revision = "8bdbc7bcc01dcbb8ec23dc8a28e332258d25251f"
  version = "v1.4.1"

[[projects]]
  branch = "master"
  name = "golang.org/x/crypto"
  packages = ["ssh/terminal"]
  revision = "cbcb750295291b33242907a04be40e80801d0cfc"

[[projects]]
  branch = "master"
  name = "golang.org/x/sys"
  packages = [
    "unix",
    "windows"
  ]
  revision = "a5b02f93d862f065920dd6a40dddc66b60d0dec4"

[solve-meta]
  analyzer-name = "dep"
  analyzer-version = 1
  inputs-digest = "12223ff16082036466a52b05e2d9744c38c2224d4eacef242e3757693e8a178e"
  solver-name = "gps-cdcl"
  solver-version = 1
