# This file is autogenerated, do not edit; changes may be undone by the next 'dep ensure'.


[[projects]]
  branch = "master"
  name = "github.com/jlaffaye/ftp"
  packages = ["."]
  revision = "9284a88df536a8e9d80846c718efeeda5e56b898"

[[projects]]
  name = "github.com/konsorten/go-windows-terminal-sequences"
  packages = ["."]
  revision = "f55edac94c9bbba5d6182a4be46d86a2c9b5b50e"
  version = "v1.0.2"

[[projects]]
  branch = "master"
  name = "github.com/molotovtv/go-astitools"
  packages = [
    "context",
    "flag",
    "io"
  ]
  revision = "d0287eb1be45059070b5276984cdb01d441a765c"

[[projects]]
  branch = "master"
  name = "github.com/molotovtv/go-logger"
  packages = ["."]
  revision = "4cd8eb7ad2669ffb6b1d6ad1c401f06e961e0f8a"

[[projects]]
  name = "github.com/pkg/errors"
  packages = ["."]
  revision = "ba968bfe8b2f7e042a574c888954fccecfa385b4"
  version = "v0.8.1"

[[projects]]
  name = "github.com/sirupsen/logrus"
  packages = [
    ".",
    "hooks/syslog"
  ]
  revision = "839c75faf7f98a33d445d181f3018b5c3409a45e"
  version = "v1.4.2"

[[projects]]
  branch = "master"
  name = "golang.org/x/crypto"
  packages = ["ssh/terminal"]
  revision = "5c40567a22f818bd14a1ea7245dad9f8ef0691aa"

[[projects]]
  branch = "master"
  name = "golang.org/x/sys"
  packages = [
    "unix",
    "windows"
  ]
  revision = "15dcb6c0061f497a3f66e3ea034b629c6dd4d99e"

[solve-meta]
  analyzer-name = "dep"
  analyzer-version = 1
  inputs-digest = "f068f4b36412b97cd6e24acf4ed16dd12d56b17cd813053692b5ecd8bbd1065a"
  solver-name = "gps-cdcl"
  solver-version = 1
